
Microsoft Visual Studio Solution File, Format Version 12.00
# Visual Studio Version 17
VisualStudioVersion = 17.1.32228.430
MinimumVisualStudioVersion = 10.0.40219.1
Project("{FAE04EC0-301F-11D3-BF4B-00C04F79EFBC}") = "Project_BerrrasBio", "Project_BerrrasBio\Project_BerrrasBio.csproj", "{4A0FBC37-8C83-4EAE-A01D-C48B5360405B}"
EndProject
Global
	GlobalSection(SolutionConfigurationPlatforms) = preSolution
		Debug|Any CPU = Debug|Any CPU
		Release|Any CPU = Release|Any CPU
	EndGlobalSection
	GlobalSection(ProjectConfigurationPlatforms) = postSolution
		{4A0FBC37-8C83-4EAE-A01D-C48B5360405B}.Debug|Any CPU.ActiveCfg = Debug|Any CPU
		{4A0FBC37-8C83-4EAE-A01D-C48B5360405B}.Debug|Any CPU.Build.0 = Debug|Any CPU
		{4A0FBC37-8C83-4EAE-A01D-C48B5360405B}.Release|Any CPU.ActiveCfg = Release|Any CPU
		{4A0FBC37-8C83-4EAE-A01D-C48B5360405B}.Release|Any CPU.Build.0 = Release|Any CPU
	EndGlobalSection
	GlobalSection(SolutionProperties) = preSolution
		HideSolutionNode = FALSE
	EndGlobalSection
	GlobalSection(ExtensibilityGlobals) = postSolution
		SolutionGuid = {B83947D9-52FA-441D-9137-039E71EA7BD4}
	EndGlobalSection
EndGlobal
